// !$*UTF8*$!
{
	archiveVersion = 1;
	classes = {
	};
	objectVersion = 46;
	objects = {

/* Begin PBXBuildFile section */
		563B2A390B023E7300762128 /* rand_dist_list~.c in Sources */ = {isa = PBXBuildFile; fileRef = 563B2A380B023E7300762128 /* rand_dist_list~.c */; };
		B3D828931A0C224D008FBA83 /* MaxAudioAPI.framework in Frameworks */ = {isa = PBXBuildFile; fileRef = B3D828921A0C224D008FBA83 /* MaxAudioAPI.framework */; };
/* End PBXBuildFile section */

/* Begin PBXFileReference section */
		563B2A380B023E7300762128 /* rand_dist_list~.c */ = {isa = PBXFileReference; fileEncoding = 30; lastKnownFileType = sourcecode.c.c; path = "rand_dist_list~.c"; sourceTree = "<group>"; };
		8D01CCD20486CAD60068D4B7 /* rand_dist_list~.mxo */ = {isa = PBXFileReference; explicitFileType = wrapper.cfbundle; includeInIndex = 0; path = "rand_dist_list~.mxo"; sourceTree = BUILT_PRODUCTS_DIR; };
		B3D828921A0C224D008FBA83 /* MaxAudioAPI.framework */ = {isa = PBXFileReference; lastKnownFileType = wrapper.framework; name = MaxAudioAPI.framework; path = "../../../c74support/msp-includes/MaxAudioAPI.framework"; sourceTree = "<group>"; };
		B3D828961A0C2261008FBA83 /* maxmspsdk.xcconfig */ = {isa = PBXFileReference; fileEncoding = 4; lastKnownFileType = text.xcconfig; name = maxmspsdk.xcconfig; path = ../../maxmspsdk.xcconfig; sourceTree = "<group>"; };
/* End PBXFileReference section */

/* Begin PBXFrameworksBuildPhase section */
		8D01CCCD0486CAD60068D4B7 /* Frameworks */ = {
			isa = PBXFrameworksBuildPhase;
			buildActionMask = 2147483647;
			files = (
				B3D828931A0C224D008FBA83 /* MaxAudioAPI.framework in Frameworks */,
			);
			runOnlyForDeploymentPostprocessing = 0;
		};
/* End PBXFrameworksBuildPhase section */

/* Begin PBXGroup section */
		089C166AFE841209C02AAC07 /* plus~ */ = {
			isa = PBXGroup;
			children = (
				B3D828961A0C2261008FBA83 /* maxmspsdk.xcconfig */,
				563B2A380B023E7300762128 /* rand_dist_list~.c */,
				B3D828921A0C224D008FBA83 /* MaxAudioAPI.framework */,
				19C28FB4FE9D528D11CA2CBB /* Products */,
			);
			name = "plus~";
			sourceTree = "<group>";
		};
		19C28FB4FE9D528D11CA2CBB /* Products */ = {
			isa = PBXGroup;
			children = (
				8D01CCD20486CAD60068D4B7 /* rand_dist_list~.mxo */,
			);
			name = Products;
			sourceTree = "<group>";
		};
/* End PBXGroup section */

/* Begin PBXHeadersBuildPhase section */
		8D01CCC70486CAD60068D4B7 /* Headers */ = {
			isa = PBXHeadersBuildPhase;
			buildActionMask = 2147483647;
			files = (
			);
			runOnlyForDeploymentPostprocessing = 0;
		};
/* End PBXHeadersBuildPhase section */

/* Begin PBXNativeTarget section */
		8D01CCC60486CAD60068D4B7 /* rand_dist_list~ */ = {
			isa = PBXNativeTarget;
			buildConfigurationList = 0FFBC540097463A900D78707 /* Build configuration list for PBXNativeTarget "rand_dist_list~" */;
			buildPhases = (
				8D01CCC70486CAD60068D4B7 /* Headers */,
				8D01CCC90486CAD60068D4B7 /* Resources */,
				8D01CCCB0486CAD60068D4B7 /* Sources */,
				8D01CCCD0486CAD60068D4B7 /* Frameworks */,
				8D01CCCF0486CAD60068D4B7 /* Rez */,
			);
			buildRules = (
			);
			dependencies = (
			);
			name = "rand_dist_list~";
			productInstallPath = "$(HOME)/Library/Bundles";
			productName = MSPExternal;
			productReference = 8D01CCD20486CAD60068D4B7 /* rand_dist_list~.mxo */;
			productType = "com.apple.product-type.bundle";
		};
/* End PBXNativeTarget section */

/* Begin PBXProject section */
		089C1669FE841209C02AAC07 /* Project object */ = {
			isa = PBXProject;
			attributes = {
				LastUpgradeCheck = 0610;
			};
			buildConfigurationList = 0FFBC544097463A900D78707 /* Build configuration list for PBXProject "rand_dist_list~" */;
			compatibilityVersion = "Xcode 3.2";
			developmentRegion = English;
			hasScannedForEncodings = 1;
			knownRegions = (
				en,
			);
			mainGroup = 089C166AFE841209C02AAC07 /* plus~ */;
			projectDirPath = "";
			projectRoot = "";
			targets = (
				8D01CCC60486CAD60068D4B7 /* rand_dist_list~ */,
			);
		};
/* End PBXProject section */

/* Begin PBXResourcesBuildPhase section */
		8D01CCC90486CAD60068D4B7 /* Resources */ = {
			isa = PBXResourcesBuildPhase;
			buildActionMask = 2147483647;
			files = (
			);
			runOnlyForDeploymentPostprocessing = 0;
		};
/* End PBXResourcesBuildPhase section */

/* Begin PBXRezBuildPhase section */
		8D01CCCF0486CAD60068D4B7 /* Rez */ = {
			isa = PBXRezBuildPhase;
			buildActionMask = 2147483647;
			files = (
			);
			runOnlyForDeploymentPostprocessing = 0;
		};
/* End PBXRezBuildPhase section */

/* Begin PBXSourcesBuildPhase section */
		8D01CCCB0486CAD60068D4B7 /* Sources */ = {
			isa = PBXSourcesBuildPhase;
			buildActionMask = 2147483647;
			files = (
				563B2A390B023E7300762128 /* rand_dist_list~.c in Sources */,
			);
			runOnlyForDeploymentPostprocessing = 0;
		};
/* End PBXSourcesBuildPhase section */

/* Begin XCBuildConfiguration section */
		0FFBC541097463A900D78707 /* Development */ = {
			isa = XCBuildConfiguration;
			baseConfigurationReference = B3D828961A0C2261008FBA83 /* maxmspsdk.xcconfig */;
			buildSettings = {
				COPY_PHASE_STRIP = NO;
				DEPLOYMENT_LOCATION = YES;
				DSTROOT = "$(SRCROOT)";
				FRAMEWORK_SEARCH_PATHS = (
					"$(inherited)",
					"/Users/leo/Documents/__PATCHS/__SDK/MaxSDK-6.1.4/c74support/max-includes",
					"/Users/leo/Documents/__PATCHS/__SDK/MaxSDK-6.1.4/c74support/msp-includes",
				);
				GCC_DYNAMIC_NO_PIC = NO;
				GCC_ENABLE_FIX_AND_CONTINUE = YES;
				GCC_ENABLE_TRIGRAPHS = NO;
				GCC_GENERATE_DEBUGGING_SYMBOLS = YES;
				GCC_OPTIMIZATION_LEVEL = 0;
				GCC_PRECOMPILE_PREFIX_HEADER = NO;
				GCC_PREFIX_HEADER = "$(C74SUPPORT)/max-includes/macho-prefix.pch";
				GCC_WARN_ABOUT_MISSING_PROTOTYPES = NO;
				GCC_WARN_FOUR_CHARACTER_CONSTANTS = NO;
				GCC_WARN_UNKNOWN_PRAGMAS = NO;
				GENERATE_PKGINFO_FILE = YES;
				INFOPLIST_FILE = "$(SRCROOT)/../../Info.plist";
				INSTALL_PATH = /;
				LIBRARY_SEARCH_PATHS = "";
				MACOSX_DEPLOYMENT_TARGET = 10.7;
				OTHER_CFLAGS = "-fvisibility=hidden";
				OTHER_LDFLAGS = "$(C74_SYM_LINKER_FLAGS)";
				PRODUCT_NAME = "rand_dist_list~";
				SDKROOT = macosx10.7;
				SECTORDER_FLAGS = "";
				WARNING_CFLAGS = (
					"-Wmost",
					"-Wno-four-char-constants",
					"-Wno-unknown-pragmas",
				);
				WRAPPER_EXTENSION = mxo;
			};
			name = Development;
		};
		0FFBC542097463A900D78707 /* Deployment */ = {
			isa = XCBuildConfiguration;
			baseConfigurationReference = B3D828961A0C2261008FBA83 /* maxmspsdk.xcconfig */;
			buildSettings = {
				COPY_PHASE_STRIP = YES;
				DEPLOYMENT_LOCATION = YES;
				DSTROOT = "$(SRCROOT)";
				FRAMEWORK_SEARCH_PATHS = (
					"$(inherited)",
					"/Users/leo/Documents/__PATCHS/__SDK/MaxSDK-6.1.4/c74support/max-includes",
					"/Users/leo/Documents/__PATCHS/__SDK/MaxSDK-6.1.4/c74support/msp-includes",
				);
				GCC_ENABLE_FIX_AND_CONTINUE = NO;
				GCC_ENABLE_TRIGRAPHS = NO;
				GCC_GENERATE_DEBUGGING_SYMBOLS = NO;
				GCC_PRECOMPILE_PREFIX_HEADER = NO;
				GCC_PREFIX_HEADER = "$(C74SUPPORT)/max-includes/macho-prefix.pch";
				GCC_WARN_ABOUT_MISSING_PROTOTYPES = NO;
				GCC_WARN_FOUR_CHARACTER_CONSTANTS = NO;
				GCC_WARN_UNKNOWN_PRAGMAS = NO;
				GENERATE_PKGINFO_FILE = YES;
				INFOPLIST_FILE = "$(SRCROOT)/../../Info.plist";
				INSTALL_PATH = /;
				LIBRARY_SEARCH_PATHS = "";
				MACOSX_DEPLOYMENT_TARGET = 10.7;
				OTHER_CFLAGS = "-fvisibility=hidden";
				OTHER_LDFLAGS = "$(C74_SYM_LINKER_FLAGS)";
				PRODUCT_NAME = "rand_dist_list~";
				SDKROOT = macosx10.7;
				SECTORDER_FLAGS = "";
				WARNING_CFLAGS = (
					"-Wmost",
					"-Wno-four-char-constants",
					"-Wno-unknown-pragmas",
				);
				WRAPPER_EXTENSION = mxo;
			};
			name = Deployment;
		};
		0FFBC545097463A900D78707 /* Development */ = {
			isa = XCBuildConfiguration;
			buildSettings = {
				MACOSX_DEPLOYMENT_TARGET = 10.5;
				SDKROOT = macosx10.5;
			};
			name = Development;
		};
		0FFBC546097463A900D78707 /* Deployment */ = {
			isa = XCBuildConfiguration;
			buildSettings = {
				MACOSX_DEPLOYMENT_TARGET = 10.5;
				SDKROOT = macosx10.5;
			};
			name = Deployment;
		};
/* End XCBuildConfiguration section */

/* Begin XCConfigurationList section */
		0FFBC540097463A900D78707 /* Build configuration list for PBXNativeTarget "rand_dist_list~" */ = {
			isa = XCConfigurationList;
			buildConfigurations = (
				0FFBC541097463A900D78707 /* Development */,
				0FFBC542097463A900D78707 /* Deployment */,
			);
			defaultConfigurationIsVisible = 0;
			defaultConfigurationName = Deployment;
		};
		0FFBC544097463A900D78707 /* Build configuration list for PBXProject "rand_dist_list~" */ = {
			isa = XCConfigurationList;
			buildConfigurations = (
				0FFBC545097463A900D78707 /* Development */,
				0FFBC546097463A900D78707 /* Deployment */,
			);
			defaultConfigurationIsVisible = 0;
			defaultConfigurationName = Deployment;
		};
/* End XCConfigurationList section */
	};
	rootObject = 089C1669FE841209C02AAC07 /* Project object */;
}
